// !$*UTF8*$!
{
	archiveVersion = 1;
	classes = {
	};
	objectVersion = 46;
	objects = {

/* Begin PBXBuildFile section */
		623FAA4A1DF1F56C00121F58 /* AppDelegate.swift in Sources */ = {isa = PBXBuildFile; fileRef = 623FAA491DF1F56C00121F58 /* AppDelegate.swift */; };
		623FAA4C1DF1F56C00121F58 /* ViewController.swift in Sources */ = {isa = PBXBuildFile; fileRef = 623FAA4B1DF1F56C00121F58 /* ViewController.swift */; };
		623FAA4F1DF1F56C00121F58 /* Main.storyboard in Resources */ = {isa = PBXBuildFile; fileRef = 623FAA4D1DF1F56C00121F58 /* Main.storyboard */; };
		623FAA511DF1F56C00121F58 /* Assets.xcassets in Resources */ = {isa = PBXBuildFile; fileRef = 623FAA501DF1F56C00121F58 /* Assets.xcassets */; };
		623FAA541DF1F56C00121F58 /* LaunchScreen.storyboard in Resources */ = {isa = PBXBuildFile; fileRef = 623FAA521DF1F56C00121F58 /* LaunchScreen.storyboard */; };
		623FAA5C1DF1FAC400121F58 /* pokemon.csv in Resources */ = {isa = PBXBuildFile; fileRef = 623FAA5B1DF1FAC400121F58 /* pokemon.csv */; };
		623FAA5F1DF1FCA300121F58 /* Pokemon.swift in Sources */ = {isa = PBXBuildFile; fileRef = 623FAA5E1DF1FCA300121F58 /* Pokemon.swift */; };
/* End PBXBuildFile section */

/* Begin PBXFileReference section */
		623FAA461DF1F56C00121F58 /* pokedex-by-Andy.app */ = {isa = PBXFileReference; explicitFileType = wrapper.application; includeInIndex = 0; path = "pokedex-by-Andy.app"; sourceTree = BUILT_PRODUCTS_DIR; };
		623FAA491DF1F56C00121F58 /* AppDelegate.swift */ = {isa = PBXFileReference; lastKnownFileType = sourcecode.swift; path = AppDelegate.swift; sourceTree = "<group>"; };
		623FAA4B1DF1F56C00121F58 /* ViewController.swift */ = {isa = PBXFileReference; lastKnownFileType = sourcecode.swift; path = ViewController.swift; sourceTree = "<group>"; };
		623FAA4E1DF1F56C00121F58 /* Base */ = {isa = PBXFileReference; lastKnownFileType = file.storyboard; name = Base; path = Base.lproj/Main.storyboard; sourceTree = "<group>"; };
		623FAA501DF1F56C00121F58 /* Assets.xcassets */ = {isa = PBXFileReference; lastKnownFileType = folder.assetcatalog; path = Assets.xcassets; sourceTree = "<group>"; };
		623FAA531DF1F56C00121F58 /* Base */ = {isa = PBXFileReference; lastKnownFileType = file.storyboard; name = Base; path = Base.lproj/LaunchScreen.storyboard; sourceTree = "<group>"; };
		623FAA551DF1F56C00121F58 /* Info.plist */ = {isa = PBXFileReference; lastKnownFileType = text.plist.xml; path = Info.plist; sourceTree = "<group>"; };
		623FAA5B1DF1FAC400121F58 /* pokemon.csv */ = {isa = PBXFileReference; fileEncoding = 4; lastKnownFileType = text; name = pokemon.csv; path = ../pokemon.csv; sourceTree = "<group>"; };
		623FAA5E1DF1FCA300121F58 /* Pokemon.swift */ = {isa = PBXFileReference; fileEncoding = 4; lastKnownFileType = sourcecode.swift; path = Pokemon.swift; sourceTree = "<group>"; };
/* End PBXFileReference section */

/* Begin PBXFrameworksBuildPhase section */
		623FAA431DF1F56C00121F58 /* Frameworks */ = {
			isa = PBXFrameworksBuildPhase;
			buildActionMask = 2147483647;
			files = (
			);
			runOnlyForDeploymentPostprocessing = 0;
		};
/* End PBXFrameworksBuildPhase section */

/* Begin PBXGroup section */
		623FAA3D1DF1F56C00121F58 = {
			isa = PBXGroup;
			children = (
				623FAA481DF1F56C00121F58 /* pokedex-by-Andy */,
				623FAA471DF1F56C00121F58 /* Products */,
			);
			sourceTree = "<group>";
		};
		623FAA471DF1F56C00121F58 /* Products */ = {
			isa = PBXGroup;
			children = (
				623FAA461DF1F56C00121F58 /* pokedex-by-Andy.app */,
			);
			name = Products;
			sourceTree = "<group>";
		};
		623FAA481DF1F56C00121F58 /* pokedex-by-Andy */ = {
			isa = PBXGroup;
			children = (
				623FAA5D1DF1FC8400121F58 /* Model */,
				623FAA491DF1F56C00121F58 /* AppDelegate.swift */,
				623FAA4B1DF1F56C00121F58 /* ViewController.swift */,
				623FAA5B1DF1FAC400121F58 /* pokemon.csv */,
				623FAA4D1DF1F56C00121F58 /* Main.storyboard */,
				623FAA501DF1F56C00121F58 /* Assets.xcassets */,
				623FAA521DF1F56C00121F58 /* LaunchScreen.storyboard */,
				623FAA551DF1F56C00121F58 /* Info.plist */,
			);
			path = "pokedex-by-Andy";
			sourceTree = "<group>";
		};
		623FAA5D1DF1FC8400121F58 /* Model */ = {
			isa = PBXGroup;
			children = (
				623FAA5E1DF1FCA300121F58 /* Pokemon.swift */,
			);
			name = Model;
			sourceTree = "<group>";
		};
/* End PBXGroup section */

/* Begin PBXNativeTarget section */
		623FAA451DF1F56C00121F58 /* pokedex-by-Andy */ = {
			isa = PBXNativeTarget;
			buildConfigurationList = 623FAA581DF1F56C00121F58 /* Build configuration list for PBXNativeTarget "pokedex-by-Andy" */;
			buildPhases = (
				623FAA421DF1F56C00121F58 /* Sources */,
				623FAA431DF1F56C00121F58 /* Frameworks */,
				623FAA441DF1F56C00121F58 /* Resources */,
			);
			buildRules = (
			);
			dependencies = (
			);
			name = "pokedex-by-Andy";
			productName = "pokedex-by-Andy";
			productReference = 623FAA461DF1F56C00121F58 /* pokedex-by-Andy.app */;
			productType = "com.apple.product-type.application";
		};
/* End PBXNativeTarget section */

/* Begin PBXProject section */
		623FAA3E1DF1F56C00121F58 /* Project object */ = {
			isa = PBXProject;
			attributes = {
				LastSwiftUpdateCheck = 0810;
				LastUpgradeCheck = 0810;
				ORGANIZATIONNAME = "Anan Lappikulthong";
				TargetAttributes = {
					623FAA451DF1F56C00121F58 = {
						CreatedOnToolsVersion = 8.1;
						ProvisioningStyle = Automatic;
					};
				};
			};
			buildConfigurationList = 623FAA411DF1F56C00121F58 /* Build configuration list for PBXProject "pokedex-by-Andy" */;
			compatibilityVersion = "Xcode 3.2";
			developmentRegion = English;
			hasScannedForEncodings = 0;
			knownRegions = (
				en,
				Base,
			);
			mainGroup = 623FAA3D1DF1F56C00121F58;
			productRefGroup = 623FAA471DF1F56C00121F58 /* Products */;
			projectDirPath = "";
			projectRoot = "";
			targets = (
				623FAA451DF1F56C00121F58 /* pokedex-by-Andy */,
			);
		};
/* End PBXProject section */

/* Begin PBXResourcesBuildPhase section */
		623FAA441DF1F56C00121F58 /* Resources */ = {
			isa = PBXResourcesBuildPhase;
			buildActionMask = 2147483647;
			files = (
				623FAA541DF1F56C00121F58 /* LaunchScreen.storyboard in Resources */,
				623FAA511DF1F56C00121F58 /* Assets.xcassets in Resources */,
				623FAA5C1DF1FAC400121F58 /* pokemon.csv in Resources */,
				623FAA4F1DF1F56C00121F58 /* Main.storyboard in Resources */,
			);
			runOnlyForDeploymentPostprocessing = 0;
		};
/* End PBXResourcesBuildPhase section */

/* Begin PBXSourcesBuildPhase section */
		623FAA421DF1F56C00121F58 /* Sources */ = {
			isa = PBXSourcesBuildPhase;
			buildActionMask = 2147483647;
			files = (
				623FAA4C1DF1F56C00121F58 /* ViewController.swift in Sources */,
				623FAA4A1DF1F56C00121F58 /* AppDelegate.swift in Sources */,
				623FAA5F1DF1FCA300121F58 /* Pokemon.swift in Sources */,
			);
			runOnlyForDeploymentPostprocessing = 0;
		};
/* End PBXSourcesBuildPhase section */

/* Begin PBXVariantGroup section */
		623FAA4D1DF1F56C00121F58 /* Main.storyboard */ = {
			isa = PBXVariantGroup;
			children = (
				623FAA4E1DF1F56C00121F58 /* Base */,
			);
			name = Main.storyboard;
			sourceTree = "<group>";
		};
		623FAA521DF1F56C00121F58 /* LaunchScreen.storyboard */ = {
			isa = PBXVariantGroup;
			children = (
				623FAA531DF1F56C00121F58 /* Base */,
			);
			name = LaunchScreen.storyboard;
			sourceTree = "<group>";
		};
/* End PBXVariantGroup section */

/* Begin XCBuildConfiguration section */
		623FAA561DF1F56C00121F58 /* Debug */ = {
			isa = XCBuildConfiguration;
			buildSettings = {
				ALWAYS_SEARCH_USER_PATHS = NO;
				CLANG_ANALYZER_NONNULL = YES;
				CLANG_CXX_LANGUAGE_STANDARD = "gnu++0x";
				CLANG_CXX_LIBRARY = "libc++";
				CLANG_ENABLE_MODULES = YES;
				CLANG_ENABLE_OBJC_ARC = YES;
				CLANG_WARN_BOOL_CONVERSION = YES;
				CLANG_WARN_CONSTANT_CONVERSION = YES;
				CLANG_WARN_DIRECT_OBJC_ISA_USAGE = YES_ERROR;
				CLANG_WARN_DOCUMENTATION_COMMENTS = YES;
				CLANG_WARN_EMPTY_BODY = YES;
				CLANG_WARN_ENUM_CONVERSION = YES;
				CLANG_WARN_INFINITE_RECURSION = YES;
				CLANG_WARN_INT_CONVERSION = YES;
				CLANG_WARN_OBJC_ROOT_CLASS = YES_ERROR;
				CLANG_WARN_SUSPICIOUS_MOVES = YES;
				CLANG_WARN_UNREACHABLE_CODE = YES;
				CLANG_WARN__DUPLICATE_METHOD_MATCH = YES;
				"CODE_SIGN_IDENTITY[sdk=iphoneos*]" = "iPhone Developer";
				COPY_PHASE_STRIP = NO;
				DEBUG_INFORMATION_FORMAT = dwarf;
				ENABLE_STRICT_OBJC_MSGSEND = YES;
				ENABLE_TESTABILITY = YES;
				GCC_C_LANGUAGE_STANDARD = gnu99;
				GCC_DYNAMIC_NO_PIC = NO;
				GCC_NO_COMMON_BLOCKS = YES;
				GCC_OPTIMIZATION_LEVEL = 0;
				GCC_PREPROCESSOR_DEFINITIONS = (
					"DEBUG=1",
					"$(inherited)",
				);
				GCC_WARN_64_TO_32_BIT_CONVERSION = YES;
				GCC_WARN_ABOUT_RETURN_TYPE = YES_ERROR;
				GCC_WARN_UNDECLARED_SELECTOR = YES;
				GCC_WARN_UNINITIALIZED_AUTOS = YES_AGGRESSIVE;
				GCC_WARN_UNUSED_FUNCTION = YES;
				GCC_WARN_UNUSED_VARIABLE = YES;
				IPHONEOS_DEPLOYMENT_TARGET = 10.1;
				MTL_ENABLE_DEBUG_INFO = YES;
				ONLY_ACTIVE_ARCH = YES;
				SDKROOT = iphoneos;
				SWIFT_ACTIVE_COMPILATION_CONDITIONS = DEBUG;
				SWIFT_OPTIMIZATION_LEVEL = "-Onone";
				TARGETED_DEVICE_FAMILY = "1,2";
			};
			name = Debug;
		};
		623FAA571DF1F56C00121F58 /* Release */ = {
			isa = XCBuildConfiguration;
			buildSettings = {
				ALWAYS_SEARCH_USER_PATHS = NO;
				CLANG_ANALYZER_NONNULL = YES;
				CLANG_CXX_LANGUAGE_STANDARD = "gnu++0x";
				CLANG_CXX_LIBRARY = "libc++";
				CLANG_ENABLE_MODULES = YES;
				CLANG_ENABLE_OBJC_ARC = YES;
				CLANG_WARN_BOOL_CONVERSION = YES;
				CLANG_WARN_CONSTANT_CONVERSION = YES;
				CLANG_WARN_DIRECT_OBJC_ISA_USAGE = YES_ERROR;
				CLANG_WARN_DOCUMENTATION_COMMENTS = YES;
				CLANG_WARN_EMPTY_BODY = YES;
				CLANG_WARN_ENUM_CONVERSION = YES;
				CLANG_WARN_INFINITE_RECURSION = YES;
				CLANG_WARN_INT_CONVERSION = YES;
				CLANG_WARN_OBJC_ROOT_CLASS = YES_ERROR;
				CLANG_WARN_SUSPICIOUS_MOVES = YES;
				CLANG_WARN_UNREACHABLE_CODE = YES;
				CLANG_WARN__DUPLICATE_METHOD_MATCH = YES;
				"CODE_SIGN_IDENTITY[sdk=iphoneos*]" = "iPhone Developer";
				COPY_PHASE_STRIP = NO;
				DEBUG_INFORMATION_FORMAT = "dwarf-with-dsym";
				ENABLE_NS_ASSERTIONS = NO;
				ENABLE_STRICT_OBJC_MSGSEND = YES;
				GCC_C_LANGUAGE_STANDARD = gnu99;
				GCC_NO_COMMON_BLOCKS = YES;
				GCC_WARN_64_TO_32_BIT_CONVERSION = YES;
				GCC_WARN_ABOUT_RETURN_TYPE = YES_ERROR;
				GCC_WARN_UNDECLARED_SELECTOR = YES;
				GCC_WARN_UNINITIALIZED_AUTOS = YES_AGGRESSIVE;
				GCC_WARN_UNUSED_FUNCTION = YES;
				GCC_WARN_UNUSED_VARIABLE = YES;
				IPHONEOS_DEPLOYMENT_TARGET = 10.1;
				MTL_ENABLE_DEBUG_INFO = NO;
				SDKROOT = iphoneos;
				SWIFT_OPTIMIZATION_LEVEL = "-Owholemodule";
				TARGETED_DEVICE_FAMILY = "1,2";
				VALIDATE_PRODUCT = YES;
			};
			name = Release;
		};
		623FAA591DF1F56C00121F58 /* Debug */ = {
			isa = XCBuildConfiguration;
			buildSettings = {
				ASSETCATALOG_COMPILER_APPICON_NAME = AppIcon;
				INFOPLIST_FILE = "pokedex-by-Andy/Info.plist";
				LD_RUNPATH_SEARCH_PATHS = "$(inherited) @executable_path/Frameworks";
				PRODUCT_BUNDLE_IDENTIFIER = "Ananlap.pokedex-by-Andy";
				PRODUCT_NAME = "$(TARGET_NAME)";
				SWIFT_VERSION = 3.0;
			};
			name = Debug;
		};
		623FAA5A1DF1F56C00121F58 /* Release */ = {
			isa = XCBuildConfiguration;
			buildSettings = {
				ASSETCATALOG_COMPILER_APPICON_NAME = AppIcon;
				INFOPLIST_FILE = "pokedex-by-Andy/Info.plist";
				LD_RUNPATH_SEARCH_PATHS = "$(inherited) @executable_path/Frameworks";
				PRODUCT_BUNDLE_IDENTIFIER = "Ananlap.pokedex-by-Andy";
				PRODUCT_NAME = "$(TARGET_NAME)";
				SWIFT_VERSION = 3.0;
			};
			name = Release;
		};
/* End XCBuildConfiguration section */

/* Begin XCConfigurationList section */
		623FAA411DF1F56C00121F58 /* Build configuration list for PBXProject "pokedex-by-Andy" */ = {
			isa = XCConfigurationList;
			buildConfigurations = (
				623FAA561DF1F56C00121F58 /* Debug */,
				623FAA571DF1F56C00121F58 /* Release */,
			);
			defaultConfigurationIsVisible = 0;
			defaultConfigurationName = Release;
		};
		623FAA581DF1F56C00121F58 /* Build configuration list for PBXNativeTarget "pokedex-by-Andy" */ = {
			isa = XCConfigurationList;
			buildConfigurations = (
				623FAA591DF1F56C00121F58 /* Debug */,
				623FAA5A1DF1F56C00121F58 /* Release */,
			);
			defaultConfigurationIsVisible = 0;
		};
/* End XCConfigurationList section */
	};
	rootObject = 623FAA3E1DF1F56C00121F58 /* Project object */;
}
